
Microsoft Visual Studio Solution File, Format Version 12.00
# Visual Studio Version 16
VisualStudioVersion = 16.0.31410.357
MinimumVisualStudioVersion = 10.0.40219.1
Project("{FAE04EC0-301F-11D3-BF4B-00C04F79EFBC}") = "AndEticaretCoreModel", "AndEticaretCoreModel\AndEticaretCoreModel.csproj", "{DE13B662-3484-46CF-AB98-66694054E106}"
EndProject
Project("{FAE04EC0-301F-11D3-BF4B-00C04F79EFBC}") = "AndEticaretWebUI", "AndEticaretWebUI\AndEticaretWebUI.csproj", "{5016C457-9C7D-4F40-9842-DDF9468471D5}"
EndProject
Project("{FAE04EC0-301F-11D3-BF4B-00C04F79EFBC}") = "AndEticaretApi", "AndEticaretApi\AndEticaretApi.csproj", "{2B33F2E3-2A8B-4720-B5C8-D5A0B30790D8}"
EndProject
Global
	GlobalSection(SolutionConfigurationPlatforms) = preSolution
		Debug|Any CPU = Debug|Any CPU
		Release|Any CPU = Release|Any CPU
	EndGlobalSection
	GlobalSection(ProjectConfigurationPlatforms) = postSolution
		{DE13B662-3484-46CF-AB98-66694054E106}.Debug|Any CPU.ActiveCfg = Debug|Any CPU
		{DE13B662-3484-46CF-AB98-66694054E106}.Debug|Any CPU.Build.0 = Debug|Any CPU
		{DE13B662-3484-46CF-AB98-66694054E106}.Release|Any CPU.ActiveCfg = Release|Any CPU
		{DE13B662-3484-46CF-AB98-66694054E106}.Release|Any CPU.Build.0 = Release|Any CPU
		{5016C457-9C7D-4F40-9842-DDF9468471D5}.Debug|Any CPU.ActiveCfg = Debug|Any CPU
		{5016C457-9C7D-4F40-9842-DDF9468471D5}.Debug|Any CPU.Build.0 = Debug|Any CPU
		{5016C457-9C7D-4F40-9842-DDF9468471D5}.Release|Any CPU.ActiveCfg = Release|Any CPU
		{5016C457-9C7D-4F40-9842-DDF9468471D5}.Release|Any CPU.Build.0 = Release|Any CPU
		{2B33F2E3-2A8B-4720-B5C8-D5A0B30790D8}.Debug|Any CPU.ActiveCfg = Debug|Any CPU
		{2B33F2E3-2A8B-4720-B5C8-D5A0B30790D8}.Debug|Any CPU.Build.0 = Debug|Any CPU
		{2B33F2E3-2A8B-4720-B5C8-D5A0B30790D8}.Release|Any CPU.ActiveCfg = Release|Any CPU
		{2B33F2E3-2A8B-4720-B5C8-D5A0B30790D8}.Release|Any CPU.Build.0 = Release|Any CPU
	EndGlobalSection
	GlobalSection(SolutionProperties) = preSolution
		HideSolutionNode = FALSE
	EndGlobalSection
	GlobalSection(ExtensibilityGlobals) = postSolution
		SolutionGuid = {3A7B1D41-87B2-47C0-9DE2-8787F40752AF}
	EndGlobalSection
EndGlobal
